
Microsoft Visual Studio Solution File, Format Version 12.00
# Visual Studio Version 16
VisualStudioVersion = 16.0.30804.86
MinimumVisualStudioVersion = 10.0.40219.1
Project("{8BC9CEB8-8B4A-11D0-8D11-00A0C91BC942}") = "tinyGL", "tinyGL.vcxproj", "{C061D7F3-4431-43A9-8645-582574CF33A8}"
EndProject
Project("{8BC9CEB8-8B4A-11D0-8D11-00A0C91BC942}") = "tinygl_test", "..\tinygl_test\tinygl_test.vcxproj", "{7DCA5B1F-DFB2-489C-A51F-D522D4D1C159}"
	ProjectSection(ProjectDependencies) = postProject
		{C061D7F3-4431-43A9-8645-582574CF33A8} = {C061D7F3-4431-43A9-8645-582574CF33A8}
	EndProjectSection
EndProject
Global
	GlobalSection(SolutionConfigurationPlatforms) = preSolution
		Debug|x64 = Debug|x64
		Debug|x86 = Debug|x86
		Release|x64 = Release|x64
		Release|x86 = Release|x86
	EndGlobalSection
	GlobalSection(ProjectConfigurationPlatforms) = postSolution
		{C061D7F3-4431-43A9-8645-582574CF33A8}.Debug|x64.ActiveCfg = Debug|x64
		{C061D7F3-4431-43A9-8645-582574CF33A8}.Debug|x64.Build.0 = Debug|x64
		{C061D7F3-4431-43A9-8645-582574CF33A8}.Debug|x86.ActiveCfg = Debug|Win32
		{C061D7F3-4431-43A9-8645-582574CF33A8}.Debug|x86.Build.0 = Debug|Win32
		{C061D7F3-4431-43A9-8645-582574CF33A8}.Release|x64.ActiveCfg = Release|x64
		{C061D7F3-4431-43A9-8645-582574CF33A8}.Release|x64.Build.0 = Release|x64
		{C061D7F3-4431-43A9-8645-582574CF33A8}.Release|x86.ActiveCfg = Release|Win32
		{C061D7F3-4431-43A9-8645-582574CF33A8}.Release|x86.Build.0 = Release|Win32
		{7DCA5B1F-DFB2-489C-A51F-D522D4D1C159}.Debug|x64.ActiveCfg = Debug|x64
		{7DCA5B1F-DFB2-489C-A51F-D522D4D1C159}.Debug|x64.Build.0 = Debug|x64
		{7DCA5B1F-DFB2-489C-A51F-D522D4D1C159}.Debug|x86.ActiveCfg = Debug|Win32
		{7DCA5B1F-DFB2-489C-A51F-D522D4D1C159}.Debug|x86.Build.0 = Debug|Win32
		{7DCA5B1F-DFB2-489C-A51F-D522D4D1C159}.Release|x64.ActiveCfg = Release|x64
		{7DCA5B1F-DFB2-489C-A51F-D522D4D1C159}.Release|x64.Build.0 = Release|x64
		{7DCA5B1F-DFB2-489C-A51F-D522D4D1C159}.Release|x86.ActiveCfg = Release|Win32
		{7DCA5B1F-DFB2-489C-A51F-D522D4D1C159}.Release|x86.Build.0 = Release|Win32
	EndGlobalSection
	GlobalSection(SolutionProperties) = preSolution
		HideSolutionNode = FALSE
	EndGlobalSection
	GlobalSection(ExtensibilityGlobals) = postSolution
		SolutionGuid = {47B4528D-477A-4E6D-ABEB-3F28B5C9013F}
	EndGlobalSection
EndGlobal
