<?xml version="1.0" encoding="utf-8"?>
<Project ToolsVersion="4.0" xmlns="http://schemas.microsoft.com/developer/msbuild/2003">
  <ItemGroup>
    <Filter Include="src">
      <UniqueIdentifier>{4FC737F1-C7A5-4376-A066-2A32D752A2FF}</UniqueIdentifier>
      <Extensions>cpp;c;cc;cxx;c++;cppm;ixx;def;odl;idl;hpj;bat;asm;asmx</Extensions>
    </Filter>
    <Filter Include="src\View">
      <UniqueIdentifier>{f1a0050f-6ec5-45bb-a9d5-a6845c8bb76e}</UniqueIdentifier>
    </Filter>
    <Filter Include="src\Style">
      <UniqueIdentifier>{bc09db45-b9b0-426c-923a-52b3c56f7880}</UniqueIdentifier>
    </Filter>
    <Filter Include="GL">
      <UniqueIdentifier>{bcd44663-d7f8-463c-a017-48e9537f25b6}</UniqueIdentifier>
    </Filter>
    <Filter Include="src\App">
      <UniqueIdentifier>{38b76ae9-edc1-4c6d-a084-3f8bfaf41bf2}</UniqueIdentifier>
    </Filter>
    <Filter Include="src\Event">
      <UniqueIdentifier>{fde7d0d6-237d-4797-9e9c-e7300bfe359f}</UniqueIdentifier>
    </Filter>
    <Filter Include="src\Timer">
      <UniqueIdentifier>{a5c55c2f-7b11-4da2-ad6c-79ac7b28b8a9}</UniqueIdentifier>
    </Filter>
    <Filter Include="src\Texture">
      <UniqueIdentifier>{674b8723-5bb7-4a0c-85b7-f3fdd561f79c}</UniqueIdentifier>
    </Filter>
    <Filter Include="src\Shader">
      <UniqueIdentifier>{95f54f6c-1c9a-4079-bcc7-ddd9db79383b}</UniqueIdentifier>
    </Filter>
    <Filter Include="src\Mesh">
      <UniqueIdentifier>{ce2e103a-12ea-4bab-932e-bc195641d12b}</UniqueIdentifier>
    </Filter>
    <Filter Include="src\View\Controls">
      <UniqueIdentifier>{040a8c68-08c9-43d8-876d-47c063d27797}</UniqueIdentifier>
    </Filter>
    <Filter Include="src\View\Edit">
      <UniqueIdentifier>{5877175e-8546-40b0-8a8b-2970e375b9b1}</UniqueIdentifier>
    </Filter>
    <Filter Include="src\View\Font">
      <UniqueIdentifier>{e53106d2-4667-4059-818f-9a5d8ba9a3a0}</UniqueIdentifier>
    </Filter>
  </ItemGroup>
  <ItemGroup>
    <ClCompile Include="src\tinyGL.cpp">
      <Filter>src</Filter>
    </ClCompile>
    <ClCompile Include="GL\GLFuncs.cpp">
      <Filter>GL</Filter>
    </ClCompile>
    <ClCompile Include="src\Timer\Timer.cpp">
      <Filter>src\Timer</Filter>
    </ClCompile>
    <ClCompile Include="src\App\App.cpp">
      <Filter>src\App</Filter>
    </ClCompile>
    <ClCompile Include="src\View\Mouse.cpp">
      <Filter>src\View</Filter>
    </ClCompile>
    <ClCompile Include="src\Shader\Shader.cpp">
      <Filter>src\Shader</Filter>
    </ClCompile>
    <ClCompile Include="src\Texture\Texture.cpp">
      <Filter>src\Texture</Filter>
    </ClCompile>
    <ClCompile Include="src\Mesh\Mesh.cpp">
      <Filter>src\Mesh</Filter>
    </ClCompile>
    <ClCompile Include="src\Texture\TextureAtlas.cpp">
      <Filter>src\Texture</Filter>
    </ClCompile>
    <ClCompile Include="src\View\Controls\Edit\EditControl.cpp">
      <Filter>src\View\Edit</Filter>
    </ClCompile>
    <ClCompile Include="src\View\Controls\Font\Font.cpp">
      <Filter>src\View\Font</Filter>
    </ClCompile>
    <ClCompile Include="src\View\ViewDetail.cpp">
      <Filter>src\View</Filter>
    </ClCompile>
  </ItemGroup>
  <ItemGroup>
    <ClInclude Include="src\style\style.h">
      <Filter>src\Style</Filter>
    </ClInclude>
    <ClInclude Include="src\View\View.h">
      <Filter>src\View</Filter>
    </ClInclude>
    <ClInclude Include="src\tinyGL.h">
      <Filter>src</Filter>
    </ClInclude>
    <ClInclude Include="GL\wglext.h">
      <Filter>GL</Filter>
    </ClInclude>
    <ClInclude Include="GL\glcorearb.h">
      <Filter>GL</Filter>
    </ClInclude>
    <ClInclude Include="GL\glext.h">
      <Filter>GL</Filter>
    </ClInclude>
    <ClInclude Include="GL\glxext.h">
      <Filter>GL</Filter>
    </ClInclude>
    <ClInclude Include="GL\wgl.h">
      <Filter>GL</Filter>
    </ClInclude>
    <ClInclude Include="GL\GLFuncs.h">
      <Filter>GL</Filter>
    </ClInclude>
    <ClInclude Include="src\Timer\Timer.h">
      <Filter>src\Timer</Filter>
    </ClInclude>
    <ClInclude Include="src\App\App.h">
      <Filter>src\App</Filter>
    </ClInclude>
    <ClInclude Include="src\Event\Event.h">
      <Filter>src\Event</Filter>
    </ClInclude>
    <ClInclude Include="src\View\Mouse.h">
      <Filter>src\View</Filter>
    </ClInclude>
    <ClInclude Include="src\Shader\Shader.h">
      <Filter>src\Shader</Filter>
    </ClInclude>
    <ClInclude Include="src\Texture\Texture.h">
      <Filter>src\Texture</Filter>
    </ClInclude>
    <ClInclude Include="src\Mesh\Mesh.h">
      <Filter>src\Mesh</Filter>
    </ClInclude>
    <ClInclude Include="src\Texture\TextureAtlas.h">
      <Filter>src\Texture</Filter>
    </ClInclude>
    <ClInclude Include="src\View\Controls\Edit\EditControl.h">
      <Filter>src\View\Edit</Filter>
    </ClInclude>
    <ClInclude Include="src\View\Controls\IControls.h">
      <Filter>src\View\Controls</Filter>
    </ClInclude>
    <ClInclude Include="src\View\Controls\Font\Font.h">
      <Filter>src\View\Font</Filter>
    </ClInclude>
    <ClInclude Include="src\View\ViewDetail.h">
      <Filter>src\View</Filter>
    </ClInclude>
    <ClInclude Include="src\View\ViewTypes.h" />
  </ItemGroup>
</Project>