<?xml version="1.0" encoding="utf-8"?>
<Project ToolsVersion="4.0" xmlns="http://schemas.microsoft.com/developer/msbuild/2003">
  <ItemGroup>
    <Filter Include="src">
      <UniqueIdentifier>{4FC737F1-C7A5-4376-A066-2A32D752A2FF}</UniqueIdentifier>
      <Extensions>cpp;c;cc;cxx;c++;cppm;ixx;def;odl;idl;hpj;bat;asm;asmx</Extensions>
    </Filter>
    <Filter Include="src\View">
      <UniqueIdentifier>{f1a0050f-6ec5-45bb-a9d5-a6845c8bb76e}</UniqueIdentifier>
    </Filter>
    <Filter Include="src\Style">
      <UniqueIdentifier>{bc09db45-b9b0-426c-923a-52b3c56f7880}</UniqueIdentifier>
    </Filter>
    <Filter Include="GL">
      <UniqueIdentifier>{bcd44663-d7f8-463c-a017-48e9537f25b6}</UniqueIdentifier>
    </Filter>
    <Filter Include="GL\VAO">
      <UniqueIdentifier>{ce2e103a-12ea-4bab-932e-bc195641d12b}</UniqueIdentifier>
    </Filter>
    <Filter Include="GL\Shader">
      <UniqueIdentifier>{95f54f6c-1c9a-4079-bcc7-ddd9db79383b}</UniqueIdentifier>
    </Filter>
  </ItemGroup>
  <ItemGroup>
    <ClCompile Include="src\tinyGL.cpp">
      <Filter>src</Filter>
    </ClCompile>
    <ClCompile Include="src\View\View.cpp">
      <Filter>src\View</Filter>
    </ClCompile>
    <ClCompile Include="GL\GLFuncs.cpp">
      <Filter>GL</Filter>
    </ClCompile>
    <ClCompile Include="GL\VAO\VAO.cpp">
      <Filter>GL\VAO</Filter>
    </ClCompile>
    <ClCompile Include="GL\Shader\Shader.cpp">
      <Filter>src</Filter>
    </ClCompile>
  </ItemGroup>
  <ItemGroup>
    <ClInclude Include="src\style\style.h">
      <Filter>src\Style</Filter>
    </ClInclude>
    <ClInclude Include="src\View\View.h">
      <Filter>src\View</Filter>
    </ClInclude>
    <ClInclude Include="src\tinyGL.h">
      <Filter>src</Filter>
    </ClInclude>
    <ClInclude Include="GL\wglext.h">
      <Filter>GL</Filter>
    </ClInclude>
    <ClInclude Include="GL\glcorearb.h">
      <Filter>GL</Filter>
    </ClInclude>
    <ClInclude Include="GL\glext.h">
      <Filter>GL</Filter>
    </ClInclude>
    <ClInclude Include="GL\glxext.h">
      <Filter>GL</Filter>
    </ClInclude>
    <ClInclude Include="GL\wgl.h">
      <Filter>GL</Filter>
    </ClInclude>
    <ClInclude Include="GL\GLFuncs.h">
      <Filter>GL</Filter>
    </ClInclude>
    <ClInclude Include="GL\VAO\VAO.h">
      <Filter>GL\VAO</Filter>
    </ClInclude>
    <ClInclude Include="GL\Shader\Shader.h" />
  </ItemGroup>
</Project>